
Microsoft Visual Studio Solution File, Format Version 12.00
# Visual Studio Version 16
VisualStudioVersion = 16.0.30907.101
MinimumVisualStudioVersion = 10.0.40219.1
Project("{9A19103F-16F7-4668-BE54-9A1E7A4F7556}") = "Ticker", "KeepMeAwake\Ticker.csproj", "{D45355D4-4282-4C88-8FB2-326FA284FE59}"
EndProject
Global
	GlobalSection(SolutionConfigurationPlatforms) = preSolution
		Debug|Any CPU = Debug|Any CPU
		Release|Any CPU = Release|Any CPU
	EndGlobalSection
	GlobalSection(ProjectConfigurationPlatforms) = postSolution
		{D45355D4-4282-4C88-8FB2-326FA284FE59}.Debug|Any CPU.ActiveCfg = Debug|Any CPU
		{D45355D4-4282-4C88-8FB2-326FA284FE59}.Debug|Any CPU.Build.0 = Debug|Any CPU
		{D45355D4-4282-4C88-8FB2-326FA284FE59}.Release|Any CPU.ActiveCfg = Release|Any CPU
		{D45355D4-4282-4C88-8FB2-326FA284FE59}.Release|Any CPU.Build.0 = Release|Any CPU
	EndGlobalSection
	GlobalSection(SolutionProperties) = preSolution
		HideSolutionNode = FALSE
	EndGlobalSection
	GlobalSection(ExtensibilityGlobals) = postSolution
		SolutionGuid = {3E49F3FE-9F4E-4823-87E2-F1763A1ACED6}
	EndGlobalSection
EndGlobal
